// !$*UTF8*$!
{
	archiveVersion = 1;
	classes = {
	};
	objectVersion = 46;
	objects = {

/* Begin PBXBuildFile section */
		328219351D93C51200278D68 /* main.cpp in Sources */ = {isa = PBXBuildFile; fileRef = 328219341D93C51200278D68 /* main.cpp */; };
		3282193C1D93C53000278D68 /* OpenGL.framework in Frameworks */ = {isa = PBXBuildFile; fileRef = 3282193B1D93C53000278D68 /* OpenGL.framework */; };
		3282193E1D93C58600278D68 /* libGLEW.2.0.0.dylib in Frameworks */ = {isa = PBXBuildFile; fileRef = 3282193D1D93C58600278D68 /* libGLEW.2.0.0.dylib */; };
		328219401D93C5A600278D68 /* libglfw3.3.2.dylib in Frameworks */ = {isa = PBXBuildFile; fileRef = 3282193F1D93C5A600278D68 /* libglfw3.3.2.dylib */; };
/* End PBXBuildFile section */

/* Begin PBXContainerItemProxy section */
		32D873A61D99873800244DA9 /* PBXContainerItemProxy */ = {
			isa = PBXContainerItemProxy;
			containerPortal = 328219291D93C51200278D68 /* Project object */;
			proxyType = 1;
			remoteGlobalIDString = 328219301D93C51200278D68;
			remoteInfo = BaSim;
		};
/* End PBXContainerItemProxy section */

/* Begin PBXCopyFilesBuildPhase section */
		3282192F1D93C51200278D68 /* CopyFiles */ = {
			isa = PBXCopyFilesBuildPhase;
			buildActionMask = 2147483647;
			dstPath = /usr/share/man/man1/;
			dstSubfolderSpec = 0;
			files = (
			);
			runOnlyForDeploymentPostprocessing = 1;
		};
		3295FDB31DA4F881000A02A8 /* CopyFiles */ = {
			isa = PBXCopyFilesBuildPhase;
			buildActionMask = 2147483647;
			dstPath = /usr/share/man/man1/;
			dstSubfolderSpec = 0;
			files = (
			);
			runOnlyForDeploymentPostprocessing = 1;
		};
		32D8739D1D9986D000244DA9 /* CopyFiles */ = {
			isa = PBXCopyFilesBuildPhase;
			buildActionMask = 2147483647;
			dstPath = /usr/share/man/man1/;
			dstSubfolderSpec = 0;
			files = (
			);
			runOnlyForDeploymentPostprocessing = 1;
		};
/* End PBXCopyFilesBuildPhase section */

/* Begin PBXFileReference section */
		322A17431D95550C0010C78C /* params.h */ = {isa = PBXFileReference; fileEncoding = 4; lastKnownFileType = sourcecode.c.h; path = params.h; sourceTree = "<group>"; };
		323A589E1DD9C82E003BDC7A /* output.h */ = {isa = PBXFileReference; fileEncoding = 4; lastKnownFileType = sourcecode.c.h; path = output.h; sourceTree = "<group>"; };
		323A589F1DD9CA6B003BDC7A /* input.h */ = {isa = PBXFileReference; fileEncoding = 4; lastKnownFileType = sourcecode.c.h; path = input.h; sourceTree = "<group>"; };
		323A58A01DD9CBCF003BDC7A /* config.bs */ = {isa = PBXFileReference; fileEncoding = 4; lastKnownFileType = text; path = config.bs; sourceTree = "<group>"; };
		323A58A81DDC89B2003BDC7A /* Properties.h */ = {isa = PBXFileReference; fileEncoding = 4; lastKnownFileType = sourcecode.c.h; path = Properties.h; sourceTree = "<group>"; };
		326CF6E91DE2FEA800AD2A50 /* props_maker.h */ = {isa = PBXFileReference; fileEncoding = 4; lastKnownFileType = sourcecode.c.h; path = props_maker.h; sourceTree = "<group>"; };
		326CF6EA1DE2FEF800AD2A50 /* Simulation.h */ = {isa = PBXFileReference; fileEncoding = 4; lastKnownFileType = sourcecode.c.h; path = Simulation.h; sourceTree = "<group>"; };
		326CF6ED1DE32E0900AD2A50 /* object_step.h */ = {isa = PBXFileReference; fileEncoding = 4; lastKnownFileType = sourcecode.c.h; path = object_step.h; sourceTree = "<group>"; };
		327A170F1DA54825008854A7 /* Integration.h */ = {isa = PBXFileReference; fileEncoding = 4; lastKnownFileType = sourcecode.c.h; path = Integration.h; sourceTree = "<group>"; };
		328219311D93C51200278D68 /* BaSim */ = {isa = PBXFileReference; explicitFileType = "compiled.mach-o.executable"; includeInIndex = 0; path = BaSim; sourceTree = BUILT_PRODUCTS_DIR; };
		328219341D93C51200278D68 /* main.cpp */ = {isa = PBXFileReference; lastKnownFileType = sourcecode.cpp.cpp; path = main.cpp; sourceTree = "<group>"; };
		3282193B1D93C53000278D68 /* OpenGL.framework */ = {isa = PBXFileReference; lastKnownFileType = wrapper.framework; name = OpenGL.framework; path = System/Library/Frameworks/OpenGL.framework; sourceTree = SDKROOT; };
		3282193D1D93C58600278D68 /* libGLEW.2.0.0.dylib */ = {isa = PBXFileReference; lastKnownFileType = "compiled.mach-o.dylib"; name = libGLEW.2.0.0.dylib; path = ../../../../../usr/local/lib/libGLEW.2.0.0.dylib; sourceTree = "<group>"; };
		3282193F1D93C5A600278D68 /* libglfw3.3.2.dylib */ = {isa = PBXFileReference; lastKnownFileType = "compiled.mach-o.dylib"; name = libglfw3.3.2.dylib; path = ../../../../../usr/local/Cellar/glfw3/3.2.1/lib/libglfw3.3.2.dylib; sourceTree = "<group>"; };
		3295FDB51DA4F881000A02A8 /* BaSimTarget */ = {isa = PBXFileReference; explicitFileType = "compiled.mach-o.executable"; includeInIndex = 0; path = BaSimTarget; sourceTree = BUILT_PRODUCTS_DIR; };
		32D873991D955CE200244DA9 /* MT.h */ = {isa = PBXFileReference; fileEncoding = 4; lastKnownFileType = sourcecode.c.h; path = MT.h; sourceTree = "<group>"; };
		32D8739A1D9926BC00244DA9 /* checkers.h */ = {isa = PBXFileReference; fileEncoding = 4; lastKnownFileType = sourcecode.c.h; path = checkers.h; sourceTree = "<group>"; };
		32D8739F1D9986D000244DA9 /* Hello */ = {isa = PBXFileReference; explicitFileType = "compiled.mach-o.executable"; includeInIndex = 0; path = Hello; sourceTree = BUILT_PRODUCTS_DIR; };
		32D873AA1D9BD9CB00244DA9 /* display.h */ = {isa = PBXFileReference; fileEncoding = 4; lastKnownFileType = sourcecode.c.h; path = display.h; sourceTree = "<group>"; };
		32E101AE1DE3636400A6A8E0 /* mt_prop.h */ = {isa = PBXFileReference; fileEncoding = 4; lastKnownFileType = sourcecode.c.h; path = mt_prop.h; sourceTree = "<group>"; };
		32E101B01DE483BC00A6A8E0 /* read_output.h */ = {isa = PBXFileReference; fileEncoding = 4; lastKnownFileType = sourcecode.c.h; path = read_output.h; sourceTree = "<group>"; };
		32E101B11DE73D2100A6A8E0 /* BaSim_timer.sh */ = {isa = PBXFileReference; fileEncoding = 4; lastKnownFileType = text.script.sh; path = BaSim_timer.sh; sourceTree = "<group>"; };
		32EC3B4F1D9514EE00F892E4 /* ball.h */ = {isa = PBXFileReference; fileEncoding = 4; lastKnownFileType = sourcecode.c.h; path = ball.h; sourceTree = "<group>"; };
		32EE90641DDDE90500035A9F /* Object.h */ = {isa = PBXFileReference; fileEncoding = 4; lastKnownFileType = sourcecode.c.h; path = Object.h; sourceTree = "<group>"; };
		32EE90651DDDEDA900035A9F /* Interactions.h */ = {isa = PBXFileReference; fileEncoding = 4; lastKnownFileType = sourcecode.c.h; path = Interactions.h; sourceTree = "<group>"; };
		32EE90691DDDF48700035A9F /* SubclassesExample.h */ = {isa = PBXFileReference; fileEncoding = 4; lastKnownFileType = sourcecode.c.h; path = SubclassesExample.h; sourceTree = "<group>"; };
		32EE90B01DDF64FB00035A9F /* ball_prop.h */ = {isa = PBXFileReference; fileEncoding = 4; lastKnownFileType = sourcecode.c.h; path = ball_prop.h; sourceTree = "<group>"; };
/* End PBXFileReference section */

/* Begin PBXFrameworksBuildPhase section */
		3282192E1D93C51200278D68 /* Frameworks */ = {
			isa = PBXFrameworksBuildPhase;
			buildActionMask = 2147483647;
			files = (
				328219401D93C5A600278D68 /* libglfw3.3.2.dylib in Frameworks */,
				3282193E1D93C58600278D68 /* libGLEW.2.0.0.dylib in Frameworks */,
				3282193C1D93C53000278D68 /* OpenGL.framework in Frameworks */,
			);
			runOnlyForDeploymentPostprocessing = 0;
		};
		3295FDB21DA4F881000A02A8 /* Frameworks */ = {
			isa = PBXFrameworksBuildPhase;
			buildActionMask = 2147483647;
			files = (
			);
			runOnlyForDeploymentPostprocessing = 0;
		};
		32D8739C1D9986D000244DA9 /* Frameworks */ = {
			isa = PBXFrameworksBuildPhase;
			buildActionMask = 2147483647;
			files = (
			);
			runOnlyForDeploymentPostprocessing = 0;
		};
/* End PBXFrameworksBuildPhase section */

/* Begin PBXGroup section */
		328219281D93C51200278D68 = {
			isa = PBXGroup;
			children = (
				32E101B11DE73D2100A6A8E0 /* BaSim_timer.sh */,
				3282193F1D93C5A600278D68 /* libglfw3.3.2.dylib */,
				3282193D1D93C58600278D68 /* libGLEW.2.0.0.dylib */,
				328219331D93C51200278D68 /* BaSim */,
				3282193B1D93C53000278D68 /* OpenGL.framework */,
				328219321D93C51200278D68 /* Products */,
			);
			sourceTree = "<group>";
		};
		328219321D93C51200278D68 /* Products */ = {
			isa = PBXGroup;
			children = (
				328219311D93C51200278D68 /* BaSim */,
				32D8739F1D9986D000244DA9 /* Hello */,
				3295FDB51DA4F881000A02A8 /* BaSimTarget */,
			);
			name = Products;
			sourceTree = "<group>";
		};
		328219331D93C51200278D68 /* BaSim */ = {
			isa = PBXGroup;
			children = (
				32EE90671DDDF44000035A9F /* Useful Examples */,
				327A170F1DA54825008854A7 /* Integration.h */,
				322A17431D95550C0010C78C /* params.h */,
				32EE90641DDDE90500035A9F /* Object.h */,
				323A58A81DDC89B2003BDC7A /* Properties.h */,
				32D873991D955CE200244DA9 /* MT.h */,
				32EC3B4F1D9514EE00F892E4 /* ball.h */,
				32EE90B01DDF64FB00035A9F /* ball_prop.h */,
				32E101AE1DE3636400A6A8E0 /* mt_prop.h */,
				326CF6E91DE2FEA800AD2A50 /* props_maker.h */,
				32D873AA1D9BD9CB00244DA9 /* display.h */,
				32EE90651DDDEDA900035A9F /* Interactions.h */,
				326CF6EA1DE2FEF800AD2A50 /* Simulation.h */,
				326CF6ED1DE32E0900AD2A50 /* object_step.h */,
				323A589F1DD9CA6B003BDC7A /* input.h */,
				323A589E1DD9C82E003BDC7A /* output.h */,
				323A58A01DD9CBCF003BDC7A /* config.bs */,
				32D8739A1D9926BC00244DA9 /* checkers.h */,
				32E101B01DE483BC00A6A8E0 /* read_output.h */,
				328219341D93C51200278D68 /* main.cpp */,
			);
			path = BaSim;
			sourceTree = "<group>";
		};
		32EE90671DDDF44000035A9F /* Useful Examples */ = {
			isa = PBXGroup;
			children = (
				32EE90691DDDF48700035A9F /* SubclassesExample.h */,
			);
			name = "Useful Examples";
			sourceTree = "<group>";
		};
/* End PBXGroup section */

/* Begin PBXNativeTarget section */
		328219301D93C51200278D68 /* BaSim */ = {
			isa = PBXNativeTarget;
			buildConfigurationList = 328219381D93C51200278D68 /* Build configuration list for PBXNativeTarget "BaSim" */;
			buildPhases = (
				3282192D1D93C51200278D68 /* Sources */,
				3282192E1D93C51200278D68 /* Frameworks */,
				3282192F1D93C51200278D68 /* CopyFiles */,
			);
			buildRules = (
			);
			dependencies = (
			);
			name = BaSim;
			productName = BaSim;
			productReference = 328219311D93C51200278D68 /* BaSim */;
			productType = "com.apple.product-type.tool";
		};
		3295FDB41DA4F881000A02A8 /* BaSimTarget */ = {
			isa = PBXNativeTarget;
			buildConfigurationList = 3295FDB91DA4F881000A02A8 /* Build configuration list for PBXNativeTarget "BaSimTarget" */;
			buildPhases = (
				3295FDB11DA4F881000A02A8 /* Sources */,
				3295FDB21DA4F881000A02A8 /* Frameworks */,
				3295FDB31DA4F881000A02A8 /* CopyFiles */,
			);
			buildRules = (
			);
			dependencies = (
			);
			name = BaSimTarget;
			productName = BaSimTarget;
			productReference = 3295FDB51DA4F881000A02A8 /* BaSimTarget */;
			productType = "com.apple.product-type.tool";
		};
		32D8739E1D9986D000244DA9 /* Hello */ = {
			isa = PBXNativeTarget;
			buildConfigurationList = 32D873A31D9986D000244DA9 /* Build configuration list for PBXNativeTarget "Hello" */;
			buildPhases = (
				32D8739B1D9986D000244DA9 /* Sources */,
				32D8739C1D9986D000244DA9 /* Frameworks */,
				32D8739D1D9986D000244DA9 /* CopyFiles */,
				32D873A81D99874200244DA9 /* ShellScript */,
			);
			buildRules = (
			);
			dependencies = (
				32D873A71D99873800244DA9 /* PBXTargetDependency */,
			);
			name = Hello;
			productName = Hello;
			productReference = 32D8739F1D9986D000244DA9 /* Hello */;
			productType = "com.apple.product-type.tool";
		};
/* End PBXNativeTarget section */

/* Begin PBXProject section */
		328219291D93C51200278D68 /* Project object */ = {
			isa = PBXProject;
			attributes = {
				KnownAssetTags = (
					New,
				);
				LastUpgradeCheck = 0720;
				ORGANIZATIONNAME = "Manuel Lera Ramirez";
				TargetAttributes = {
					328219301D93C51200278D68 = {
						CreatedOnToolsVersion = 7.2;
					};
					3295FDB41DA4F881000A02A8 = {
						CreatedOnToolsVersion = 7.2;
					};
					32D8739E1D9986D000244DA9 = {
						CreatedOnToolsVersion = 7.2;
					};
				};
			};
			buildConfigurationList = 3282192C1D93C51200278D68 /* Build configuration list for PBXProject "BaSim" */;
			compatibilityVersion = "Xcode 3.2";
			developmentRegion = English;
			hasScannedForEncodings = 0;
			knownRegions = (
				en,
			);
			mainGroup = 328219281D93C51200278D68;
			productRefGroup = 328219321D93C51200278D68 /* Products */;
			projectDirPath = "";
			projectRoot = "";
			targets = (
				328219301D93C51200278D68 /* BaSim */,
				32D8739E1D9986D000244DA9 /* Hello */,
				3295FDB41DA4F881000A02A8 /* BaSimTarget */,
			);
		};
/* End PBXProject section */

/* Begin PBXShellScriptBuildPhase section */
		32D873A81D99874200244DA9 /* ShellScript */ = {
			isa = PBXShellScriptBuildPhase;
			buildActionMask = 12;
			files = (
			);
			inputPaths = (
			);
			outputPaths = (
			);
			runOnlyForDeploymentPostprocessing = 0;
			shellPath = /bin/sh;
			shellScript = "GIT_RELEASE_VERSION=$(git describe --tags --always --dirty)\nCOMMITS=$(git rev-list HEAD | wc -l)\nCOMMITS=$(($COMMITS))\ndefaults write \"${/Users/Manu/Desktop/BaSim/Version}/${INFOPLIST_PATH%.*}\" \"CFBundleShortVersionString\" \"${1.0#*v}\"\ndefaults write \"${BUILT_PRODUCTS_DIR}/${INFOPLIST_PATH%.*}\" \"CFBundleVersion\" \"${COMMITS}\"";
		};
/* End PBXShellScriptBuildPhase section */

/* Begin PBXSourcesBuildPhase section */
		3282192D1D93C51200278D68 /* Sources */ = {
			isa = PBXSourcesBuildPhase;
			buildActionMask = 2147483647;
			files = (
				328219351D93C51200278D68 /* main.cpp in Sources */,
			);
			runOnlyForDeploymentPostprocessing = 0;
		};
		3295FDB11DA4F881000A02A8 /* Sources */ = {
			isa = PBXSourcesBuildPhase;
			buildActionMask = 2147483647;
			files = (
			);
			runOnlyForDeploymentPostprocessing = 0;
		};
		32D8739B1D9986D000244DA9 /* Sources */ = {
			isa = PBXSourcesBuildPhase;
			buildActionMask = 2147483647;
			files = (
			);
			runOnlyForDeploymentPostprocessing = 0;
		};
/* End PBXSourcesBuildPhase section */

/* Begin PBXTargetDependency section */
		32D873A71D99873800244DA9 /* PBXTargetDependency */ = {
			isa = PBXTargetDependency;
			target = 328219301D93C51200278D68 /* BaSim */;
			targetProxy = 32D873A61D99873800244DA9 /* PBXContainerItemProxy */;
		};
/* End PBXTargetDependency section */

/* Begin XCBuildConfiguration section */
		328219361D93C51200278D68 /* Debug */ = {
			isa = XCBuildConfiguration;
			buildSettings = {
				ALWAYS_SEARCH_USER_PATHS = NO;
				CLANG_CXX_LANGUAGE_STANDARD = "gnu++0x";
				CLANG_CXX_LIBRARY = "libc++";
				CLANG_ENABLE_MODULES = YES;
				CLANG_ENABLE_OBJC_ARC = YES;
				CLANG_WARN_BOOL_CONVERSION = YES;
				CLANG_WARN_CONSTANT_CONVERSION = YES;
				CLANG_WARN_DIRECT_OBJC_ISA_USAGE = YES_ERROR;
				CLANG_WARN_EMPTY_BODY = YES;
				CLANG_WARN_ENUM_CONVERSION = YES;
				CLANG_WARN_INT_CONVERSION = YES;
				CLANG_WARN_OBJC_ROOT_CLASS = YES_ERROR;
				CLANG_WARN_UNREACHABLE_CODE = YES;
				CLANG_WARN__DUPLICATE_METHOD_MATCH = YES;
				CODE_SIGN_IDENTITY = "-";
				COPY_PHASE_STRIP = NO;
				DEBUG_INFORMATION_FORMAT = dwarf;
				ENABLE_STRICT_OBJC_MSGSEND = YES;
				ENABLE_TESTABILITY = YES;
				GCC_C_LANGUAGE_STANDARD = gnu99;
				GCC_DYNAMIC_NO_PIC = NO;
				GCC_NO_COMMON_BLOCKS = YES;
				GCC_OPTIMIZATION_LEVEL = 0;
				GCC_PREPROCESSOR_DEFINITIONS = (
					"DEBUG=1",
					"$(inherited)",
				);
				GCC_WARN_64_TO_32_BIT_CONVERSION = YES;
				GCC_WARN_ABOUT_RETURN_TYPE = YES_ERROR;
				GCC_WARN_UNDECLARED_SELECTOR = YES;
				GCC_WARN_UNINITIALIZED_AUTOS = YES_AGGRESSIVE;
				GCC_WARN_UNUSED_FUNCTION = YES;
				GCC_WARN_UNUSED_VARIABLE = YES;
				MACOSX_DEPLOYMENT_TARGET = 10.10;
				MTL_ENABLE_DEBUG_INFO = YES;
				ONLY_ACTIVE_ARCH = YES;
				SDKROOT = macosx;
			};
			name = Debug;
		};
		328219371D93C51200278D68 /* Release */ = {
			isa = XCBuildConfiguration;
			buildSettings = {
				ALWAYS_SEARCH_USER_PATHS = NO;
				CLANG_CXX_LANGUAGE_STANDARD = "gnu++0x";
				CLANG_CXX_LIBRARY = "libc++";
				CLANG_ENABLE_MODULES = YES;
				CLANG_ENABLE_OBJC_ARC = YES;
				CLANG_WARN_BOOL_CONVERSION = YES;
				CLANG_WARN_CONSTANT_CONVERSION = YES;
				CLANG_WARN_DIRECT_OBJC_ISA_USAGE = YES_ERROR;
				CLANG_WARN_EMPTY_BODY = YES;
				CLANG_WARN_ENUM_CONVERSION = YES;
				CLANG_WARN_INT_CONVERSION = YES;
				CLANG_WARN_OBJC_ROOT_CLASS = YES_ERROR;
				CLANG_WARN_UNREACHABLE_CODE = YES;
				CLANG_WARN__DUPLICATE_METHOD_MATCH = YES;
				CODE_SIGN_IDENTITY = "-";
				COPY_PHASE_STRIP = NO;
				DEBUG_INFORMATION_FORMAT = "dwarf-with-dsym";
				ENABLE_NS_ASSERTIONS = NO;
				ENABLE_STRICT_OBJC_MSGSEND = YES;
				GCC_C_LANGUAGE_STANDARD = gnu99;
				GCC_NO_COMMON_BLOCKS = YES;
				GCC_WARN_64_TO_32_BIT_CONVERSION = YES;
				GCC_WARN_ABOUT_RETURN_TYPE = YES_ERROR;
				GCC_WARN_UNDECLARED_SELECTOR = YES;
				GCC_WARN_UNINITIALIZED_AUTOS = YES_AGGRESSIVE;
				GCC_WARN_UNUSED_FUNCTION = YES;
				GCC_WARN_UNUSED_VARIABLE = YES;
				MACOSX_DEPLOYMENT_TARGET = 10.10;
				MTL_ENABLE_DEBUG_INFO = NO;
				SDKROOT = macosx;
			};
			name = Release;
		};
		328219391D93C51200278D68 /* Debug */ = {
			isa = XCBuildConfiguration;
			buildSettings = {
				CURRENT_PROJECT_VERSION = 1;
				HEADER_SEARCH_PATHS = (
					/usr/local/include,
					opt/local/include,
				);
				LIBRARY_SEARCH_PATHS = (
					"$(inherited)",
					/usr/local/Cellar/glfw3/3.2.1/lib,
					/usr/local/lib,
					/opt/local/lib,
				);
				OTHER_LDFLAGS = "";
				PRODUCT_NAME = "$(TARGET_NAME)";
				VERSIONING_SYSTEM = "apple-generic";
			};
			name = Debug;
		};
		3282193A1D93C51200278D68 /* Release */ = {
			isa = XCBuildConfiguration;
			buildSettings = {
				CURRENT_PROJECT_VERSION = 1;
				HEADER_SEARCH_PATHS = (
					/usr/local/include,
					opt/local/include,
				);
				LIBRARY_SEARCH_PATHS = (
					"$(inherited)",
					/usr/local/Cellar/glfw3/3.2.1/lib,
					/usr/local/lib,
					/opt/local/lib,
				);
				OTHER_LDFLAGS = "";
				PRODUCT_NAME = "$(TARGET_NAME)";
				VERSIONING_SYSTEM = "apple-generic";
			};
			name = Release;
		};
		3295FDBA1DA4F881000A02A8 /* Debug */ = {
			isa = XCBuildConfiguration;
			buildSettings = {
				PRODUCT_NAME = "$(TARGET_NAME)";
			};
			name = Debug;
		};
		3295FDBB1DA4F881000A02A8 /* Release */ = {
			isa = XCBuildConfiguration;
			buildSettings = {
				PRODUCT_NAME = "$(TARGET_NAME)";
			};
			name = Release;
		};
		32D873A41D9986D000244DA9 /* Debug */ = {
			isa = XCBuildConfiguration;
			buildSettings = {
				CURRENT_PROJECT_VERSION = 1;
				PRODUCT_NAME = "$(TARGET_NAME)";
				VERSIONING_SYSTEM = "apple-generic";
			};
			name = Debug;
		};
		32D873A51D9986D000244DA9 /* Release */ = {
			isa = XCBuildConfiguration;
			buildSettings = {
				CURRENT_PROJECT_VERSION = 1;
				PRODUCT_NAME = "$(TARGET_NAME)";
				VERSIONING_SYSTEM = "apple-generic";
			};
			name = Release;
		};
/* End XCBuildConfiguration section */

/* Begin XCConfigurationList section */
		3282192C1D93C51200278D68 /* Build configuration list for PBXProject "BaSim" */ = {
			isa = XCConfigurationList;
			buildConfigurations = (
				328219361D93C51200278D68 /* Debug */,
				328219371D93C51200278D68 /* Release */,
			);
			defaultConfigurationIsVisible = 0;
			defaultConfigurationName = Release;
		};
		328219381D93C51200278D68 /* Build configuration list for PBXNativeTarget "BaSim" */ = {
			isa = XCConfigurationList;
			buildConfigurations = (
				328219391D93C51200278D68 /* Debug */,
				3282193A1D93C51200278D68 /* Release */,
			);
			defaultConfigurationIsVisible = 0;
			defaultConfigurationName = Release;
		};
		3295FDB91DA4F881000A02A8 /* Build configuration list for PBXNativeTarget "BaSimTarget" */ = {
			isa = XCConfigurationList;
			buildConfigurations = (
				3295FDBA1DA4F881000A02A8 /* Debug */,
				3295FDBB1DA4F881000A02A8 /* Release */,
			);
			defaultConfigurationIsVisible = 0;
			defaultConfigurationName = Release;
		};
		32D873A31D9986D000244DA9 /* Build configuration list for PBXNativeTarget "Hello" */ = {
			isa = XCConfigurationList;
			buildConfigurations = (
				32D873A41D9986D000244DA9 /* Debug */,
				32D873A51D9986D000244DA9 /* Release */,
			);
			defaultConfigurationIsVisible = 0;
			defaultConfigurationName = Release;
		};
/* End XCConfigurationList section */
	};
	rootObject = 328219291D93C51200278D68 /* Project object */;
}
